{
  "originHash" : "853acbe605b081b2caa633ab7f5a212550429ad9691bb914bee6d52085f1b4ab",
  "pins" : [
    {
      "identity" : "wwmachinelearning_resnet50",
      "kind" : "remoteSourceControl",
      "location" : "https://github.com/William-Weng/WWMachineLearning_Resnet50.git",
      "state" : {
        "revision" : "84bcbe433cd6627e142cfe085c4b77967d67fe88",
        "version" : "1.1.2"
      }
    },
    {
      "identity" : "wwnetworking",
      "kind" : "remoteSourceControl",
      "location" : "https://github.com/William-Weng/WWNetworking",
      "state" : {
        "revision" : "141032e2894b6b25fabfbaef97e96363a2027f33",
        "version" : "1.8.0"
      }
    }
  ],
  "version" : 3
}
